
Microsoft Visual Studio Solution File, Format Version 12.00
# Visual Studio Version 17
VisualStudioVersion = 17.14.36930.0 d17.14
MinimumVisualStudioVersion = 10.0.40219.1
Project("{FAE04EC0-301F-11D3-BF4B-00C04F79EFBC}") = "CharacterApi", "CharacterApi.csproj", "{FD310A60-95E5-4C4F-AC5D-E508C0B10C5A}"
EndProject
Global
	GlobalSection(SolutionConfigurationPlatforms) = preSolution
		Debug|Any CPU = Debug|Any CPU
		Release|Any CPU = Release|Any CPU
	EndGlobalSection
	GlobalSection(ProjectConfigurationPlatforms) = postSolution
		{FD310A60-95E5-4C4F-AC5D-E508C0B10C5A}.Debug|Any CPU.ActiveCfg = Debug|Any CPU
		{FD310A60-95E5-4C4F-AC5D-E508C0B10C5A}.Debug|Any CPU.Build.0 = Debug|Any CPU
		{FD310A60-95E5-4C4F-AC5D-E508C0B10C5A}.Release|Any CPU.ActiveCfg = Release|Any CPU
		{FD310A60-95E5-4C4F-AC5D-E508C0B10C5A}.Release|Any CPU.Build.0 = Release|Any CPU
	EndGlobalSection
	GlobalSection(SolutionProperties) = preSolution
		HideSolutionNode = FALSE
	EndGlobalSection
	GlobalSection(ExtensibilityGlobals) = postSolution
		SolutionGuid = {963686C1-E85F-45E0-B3BF-8B7E5AD4CA37}
	EndGlobalSection
EndGlobal
